
Microsoft Visual Studio Solution File, Format Version 11.00
# Visual Studio 2010
Project("{FAE04EC0-301F-11D3-BF4B-00C04F79EFBC}") = "交会测量", "交会测量\交会测量.csproj", "{E872D983-7589-44AE-9DA3-2E7F7F45A423}"
EndProject
Global
	GlobalSection(SolutionConfigurationPlatforms) = preSolution
		Debug|Any CPU = Debug|Any CPU
		Release|Any CPU = Release|Any CPU
	EndGlobalSection
	GlobalSection(ProjectConfigurationPlatforms) = postSolution
		{E872D983-7589-44AE-9DA3-2E7F7F45A423}.Debug|Any CPU.ActiveCfg = Debug|Any CPU
		{E872D983-7589-44AE-9DA3-2E7F7F45A423}.Debug|Any CPU.Build.0 = Debug|Any CPU
		{E872D983-7589-44AE-9DA3-2E7F7F45A423}.Release|Any CPU.ActiveCfg = Release|Any CPU
		{E872D983-7589-44AE-9DA3-2E7F7F45A423}.Release|Any CPU.Build.0 = Release|Any CPU
	EndGlobalSection
	GlobalSection(SolutionProperties) = preSolution
		HideSolutionNode = FALSE
	EndGlobalSection
EndGlobal
